
Microsoft Visual Studio Solution File, Format Version 12.00
# Visual Studio Version 16
VisualStudioVersion = 16.0.31729.503
MinimumVisualStudioVersion = 10.0.40219.1
Project("{FAE04EC0-301F-11D3-BF4B-00C04F79EFBC}") = "GraphQLMutationBasicCRUD", "GraphQLMutationBasicCRUD.csproj", "{DC1F45AE-B897-44E5-933A-329578051B76}"
EndProject
Global
	GlobalSection(SolutionConfigurationPlatforms) = preSolution
		Debug|Any CPU = Debug|Any CPU
		Release|Any CPU = Release|Any CPU
	EndGlobalSection
	GlobalSection(ProjectConfigurationPlatforms) = postSolution
		{DC1F45AE-B897-44E5-933A-329578051B76}.Debug|Any CPU.ActiveCfg = Debug|Any CPU
		{DC1F45AE-B897-44E5-933A-329578051B76}.Debug|Any CPU.Build.0 = Debug|Any CPU
		{DC1F45AE-B897-44E5-933A-329578051B76}.Release|Any CPU.ActiveCfg = Release|Any CPU
		{DC1F45AE-B897-44E5-933A-329578051B76}.Release|Any CPU.Build.0 = Release|Any CPU
	EndGlobalSection
	GlobalSection(SolutionProperties) = preSolution
		HideSolutionNode = FALSE
	EndGlobalSection
	GlobalSection(ExtensibilityGlobals) = postSolution
		SolutionGuid = {A0DE5114-7853-4B51-B7B0-13329B048A4B}
	EndGlobalSection
EndGlobal
